
Microsoft Visual Studio Solution File, Format Version 12.00
# Visual Studio Version 17
VisualStudioVersion = 17.0.31903.59
MinimumVisualStudioVersion = 10.0.40219.1
Project("{FAE04EC0-301F-11D3-BF4B-00C04F79EFBC}") = "MyWorkItem.Api", "MyWorkItem.Api\MyWorkItem.Api.csproj", "{4D7B5DAE-072D-46A7-92D4-B597310D8914}"
EndProject
Project("{FAE04EC0-301F-11D3-BF4B-00C04F79EFBC}") = "MyWorkItem.Tests", "MyWorkItem.Tests\MyWorkItem.Tests.csproj", "{EF012D45-00A1-46C3-8D28-DA89E0F49D0F}"
EndProject
Global
	GlobalSection(SolutionConfigurationPlatforms) = preSolution
		Debug|Any CPU = Debug|Any CPU
		Debug|x64 = Debug|x64
		Debug|x86 = Debug|x86
		Release|Any CPU = Release|Any CPU
		Release|x64 = Release|x64
		Release|x86 = Release|x86
	EndGlobalSection
	GlobalSection(ProjectConfigurationPlatforms) = postSolution
		{4D7B5DAE-072D-46A7-92D4-B597310D8914}.Debug|Any CPU.ActiveCfg = Debug|Any CPU
		{4D7B5DAE-072D-46A7-92D4-B597310D8914}.Debug|Any CPU.Build.0 = Debug|Any CPU
		{4D7B5DAE-072D-46A7-92D4-B597310D8914}.Debug|x64.ActiveCfg = Debug|Any CPU
		{4D7B5DAE-072D-46A7-92D4-B597310D8914}.Debug|x64.Build.0 = Debug|Any CPU
		{4D7B5DAE-072D-46A7-92D4-B597310D8914}.Debug|x86.ActiveCfg = Debug|Any CPU
		{4D7B5DAE-072D-46A7-92D4-B597310D8914}.Debug|x86.Build.0 = Debug|Any CPU
		{4D7B5DAE-072D-46A7-92D4-B597310D8914}.Release|Any CPU.ActiveCfg = Release|Any CPU
		{4D7B5DAE-072D-46A7-92D4-B597310D8914}.Release|Any CPU.Build.0 = Release|Any CPU
		{4D7B5DAE-072D-46A7-92D4-B597310D8914}.Release|x64.ActiveCfg = Release|Any CPU
		{4D7B5DAE-072D-46A7-92D4-B597310D8914}.Release|x64.Build.0 = Release|Any CPU
		{4D7B5DAE-072D-46A7-92D4-B597310D8914}.Release|x86.ActiveCfg = Release|Any CPU
		{4D7B5DAE-072D-46A7-92D4-B597310D8914}.Release|x86.Build.0 = Release|Any CPU
		{EF012D45-00A1-46C3-8D28-DA89E0F49D0F}.Debug|Any CPU.ActiveCfg = Debug|Any CPU
		{EF012D45-00A1-46C3-8D28-DA89E0F49D0F}.Debug|Any CPU.Build.0 = Debug|Any CPU
		{EF012D45-00A1-46C3-8D28-DA89E0F49D0F}.Debug|x64.ActiveCfg = Debug|Any CPU
		{EF012D45-00A1-46C3-8D28-DA89E0F49D0F}.Debug|x64.Build.0 = Debug|Any CPU
		{EF012D45-00A1-46C3-8D28-DA89E0F49D0F}.Debug|x86.ActiveCfg = Debug|Any CPU
		{EF012D45-00A1-46C3-8D28-DA89E0F49D0F}.Debug|x86.Build.0 = Debug|Any CPU
		{EF012D45-00A1-46C3-8D28-DA89E0F49D0F}.Release|Any CPU.ActiveCfg = Release|Any CPU
		{EF012D45-00A1-46C3-8D28-DA89E0F49D0F}.Release|Any CPU.Build.0 = Release|Any CPU
		{EF012D45-00A1-46C3-8D28-DA89E0F49D0F}.Release|x64.ActiveCfg = Release|Any CPU
		{EF012D45-00A1-46C3-8D28-DA89E0F49D0F}.Release|x64.Build.0 = Release|Any CPU
		{EF012D45-00A1-46C3-8D28-DA89E0F49D0F}.Release|x86.ActiveCfg = Release|Any CPU
		{EF012D45-00A1-46C3-8D28-DA89E0F49D0F}.Release|x86.Build.0 = Release|Any CPU
	EndGlobalSection
	GlobalSection(SolutionProperties) = preSolution
		HideSolutionNode = FALSE
	EndGlobalSection
EndGlobal
